
Microsoft Visual Studio Solution File, Format Version 12.00
# Visual Studio 2012
Project("{8BC9CEB8-8B4A-11D0-8D11-00A0C91BC942}") = "作业1.1", "作业1.1\作业1.1.vcxproj", "{BF996A3D-74D6-4113-838D-123F6ACFF704}"
EndProject
Project("{8BC9CEB8-8B4A-11D0-8D11-00A0C91BC942}") = "作业1.2", "作业1.2\作业1.2.vcxproj", "{63F7312A-9F22-4E38-AA4E-5D7000DFCFEA}"
EndProject
Project("{8BC9CEB8-8B4A-11D0-8D11-00A0C91BC942}") = "作业1.3", "作业1.3\作业1.3.vcxproj", "{F73E1308-B4F6-4BE3-B891-8F716D3C2F43}"
EndProject
Project("{8BC9CEB8-8B4A-11D0-8D11-00A0C91BC942}") = "作业1.4", "作业1.4\作业1.4.vcxproj", "{0E1D706E-057B-4405-9488-56A42A0B8F24}"
EndProject
Project("{8BC9CEB8-8B4A-11D0-8D11-00A0C91BC942}") = "作业1.5", "作业1.5\作业1.5.vcxproj", "{C4FE6156-EFB4-4026-BF31-B0C9EF61CCF6}"
EndProject
Project("{8BC9CEB8-8B4A-11D0-8D11-00A0C91BC942}") = "作业2.1", "作业2.1\作业2.1.vcxproj", "{A88E3512-4280-421B-BBCE-73454E228FDC}"
EndProject
Project("{8BC9CEB8-8B4A-11D0-8D11-00A0C91BC942}") = "作业2.2", "作业2.2\作业2.2.vcxproj", "{507BDB38-D58C-4F80-9CC2-8714B7E67D4A}"
EndProject
Project("{8BC9CEB8-8B4A-11D0-8D11-00A0C91BC942}") = "作业2.3", "作业2.3\作业2.3.vcxproj", "{E7F3A1C0-14AB-4CE9-B0CE-0490B47D1193}"
EndProject
Project("{8BC9CEB8-8B4A-11D0-8D11-00A0C91BC942}") = "作业2.4", "作业2.4\作业2.4.vcxproj", "{E333C39C-25FB-4200-8313-CD18B5CF9D19}"
EndProject
Project("{8BC9CEB8-8B4A-11D0-8D11-00A0C91BC942}") = "作业3.1", "作业3.1\作业3.1.vcxproj", "{57257D38-D0E7-48CD-9677-7F37D2DA70CB}"
EndProject
Project("{8BC9CEB8-8B4A-11D0-8D11-00A0C91BC942}") = "作业3.2", "作业3.2\作业3.2.vcxproj", "{60D620A4-D01C-46D0-A5CA-F8051CC35CA9}"
EndProject
Project("{8BC9CEB8-8B4A-11D0-8D11-00A0C91BC942}") = "作业3.3", "作业3.3\作业3.3.vcxproj", "{B0DA3B4E-F6F9-4A3A-BBBB-26FAC8114F3C}"
EndProject
Project("{8BC9CEB8-8B4A-11D0-8D11-00A0C91BC942}") = "作业3.4", "作业3.4\作业3.4.vcxproj", "{3789E6A1-4768-4C32-984D-8D2CFDC023CC}"
EndProject
Project("{8BC9CEB8-8B4A-11D0-8D11-00A0C91BC942}") = "作业4.1", "作业4.1\作业4.1.vcxproj", "{70819522-8F66-456F-B237-C193A59DFA9A}"
EndProject
Project("{8BC9CEB8-8B4A-11D0-8D11-00A0C91BC942}") = "作业4.2", "作业4.2\作业4.2.vcxproj", "{6A28C558-2341-411A-B7B5-C1CF3B019B31}"
EndProject
Project("{8BC9CEB8-8B4A-11D0-8D11-00A0C91BC942}") = "作业4.3", "作业4.3\作业4.3.vcxproj", "{07C2392F-509A-4339-BB13-EA1871AAE23B}"
EndProject
Project("{8BC9CEB8-8B4A-11D0-8D11-00A0C91BC942}") = "作业4.4", "作业4.4\作业4.4.vcxproj", "{09193C2E-B9E4-434A-8301-7C28647A315A}"
EndProject
Project("{8BC9CEB8-8B4A-11D0-8D11-00A0C91BC942}") = "作业4.5", "作业4.5\作业4.5.vcxproj", "{80D5C479-B815-49FC-B2AF-ED2083087E00}"
EndProject
Global
	GlobalSection(SolutionConfigurationPlatforms) = preSolution
		Debug|Win32 = Debug|Win32
		Release|Win32 = Release|Win32
	EndGlobalSection
	GlobalSection(ProjectConfigurationPlatforms) = postSolution
		{BF996A3D-74D6-4113-838D-123F6ACFF704}.Debug|Win32.ActiveCfg = Debug|Win32
		{BF996A3D-74D6-4113-838D-123F6ACFF704}.Debug|Win32.Build.0 = Debug|Win32
		{BF996A3D-74D6-4113-838D-123F6ACFF704}.Release|Win32.ActiveCfg = Release|Win32
		{BF996A3D-74D6-4113-838D-123F6ACFF704}.Release|Win32.Build.0 = Release|Win32
		{63F7312A-9F22-4E38-AA4E-5D7000DFCFEA}.Debug|Win32.ActiveCfg = Debug|Win32
		{63F7312A-9F22-4E38-AA4E-5D7000DFCFEA}.Debug|Win32.Build.0 = Debug|Win32
		{63F7312A-9F22-4E38-AA4E-5D7000DFCFEA}.Release|Win32.ActiveCfg = Release|Win32
		{63F7312A-9F22-4E38-AA4E-5D7000DFCFEA}.Release|Win32.Build.0 = Release|Win32
		{F73E1308-B4F6-4BE3-B891-8F716D3C2F43}.Debug|Win32.ActiveCfg = Debug|Win32
		{F73E1308-B4F6-4BE3-B891-8F716D3C2F43}.Debug|Win32.Build.0 = Debug|Win32
		{F73E1308-B4F6-4BE3-B891-8F716D3C2F43}.Release|Win32.ActiveCfg = Release|Win32
		{F73E1308-B4F6-4BE3-B891-8F716D3C2F43}.Release|Win32.Build.0 = Release|Win32
		{0E1D706E-057B-4405-9488-56A42A0B8F24}.Debug|Win32.ActiveCfg = Debug|Win32
		{0E1D706E-057B-4405-9488-56A42A0B8F24}.Debug|Win32.Build.0 = Debug|Win32
		{0E1D706E-057B-4405-9488-56A42A0B8F24}.Release|Win32.ActiveCfg = Release|Win32
		{0E1D706E-057B-4405-9488-56A42A0B8F24}.Release|Win32.Build.0 = Release|Win32
		{C4FE6156-EFB4-4026-BF31-B0C9EF61CCF6}.Debug|Win32.ActiveCfg = Debug|Win32
		{C4FE6156-EFB4-4026-BF31-B0C9EF61CCF6}.Debug|Win32.Build.0 = Debug|Win32
		{C4FE6156-EFB4-4026-BF31-B0C9EF61CCF6}.Release|Win32.ActiveCfg = Release|Win32
		{C4FE6156-EFB4-4026-BF31-B0C9EF61CCF6}.Release|Win32.Build.0 = Release|Win32
		{A88E3512-4280-421B-BBCE-73454E228FDC}.Debug|Win32.ActiveCfg = Debug|Win32
		{A88E3512-4280-421B-BBCE-73454E228FDC}.Debug|Win32.Build.0 = Debug|Win32
		{A88E3512-4280-421B-BBCE-73454E228FDC}.Release|Win32.ActiveCfg = Release|Win32
		{A88E3512-4280-421B-BBCE-73454E228FDC}.Release|Win32.Build.0 = Release|Win32
		{507BDB38-D58C-4F80-9CC2-8714B7E67D4A}.Debug|Win32.ActiveCfg = Debug|Win32
		{507BDB38-D58C-4F80-9CC2-8714B7E67D4A}.Debug|Win32.Build.0 = Debug|Win32
		{507BDB38-D58C-4F80-9CC2-8714B7E67D4A}.Release|Win32.ActiveCfg = Release|Win32
		{507BDB38-D58C-4F80-9CC2-8714B7E67D4A}.Release|Win32.Build.0 = Release|Win32
		{E7F3A1C0-14AB-4CE9-B0CE-0490B47D1193}.Debug|Win32.ActiveCfg = Debug|Win32
		{E7F3A1C0-14AB-4CE9-B0CE-0490B47D1193}.Debug|Win32.Build.0 = Debug|Win32
		{E7F3A1C0-14AB-4CE9-B0CE-0490B47D1193}.Release|Win32.ActiveCfg = Release|Win32
		{E7F3A1C0-14AB-4CE9-B0CE-0490B47D1193}.Release|Win32.Build.0 = Release|Win32
		{E333C39C-25FB-4200-8313-CD18B5CF9D19}.Debug|Win32.ActiveCfg = Debug|Win32
		{E333C39C-25FB-4200-8313-CD18B5CF9D19}.Debug|Win32.Build.0 = Debug|Win32
		{E333C39C-25FB-4200-8313-CD18B5CF9D19}.Release|Win32.ActiveCfg = Release|Win32
		{E333C39C-25FB-4200-8313-CD18B5CF9D19}.Release|Win32.Build.0 = Release|Win32
		{57257D38-D0E7-48CD-9677-7F37D2DA70CB}.Debug|Win32.ActiveCfg = Debug|Win32
		{57257D38-D0E7-48CD-9677-7F37D2DA70CB}.Debug|Win32.Build.0 = Debug|Win32
		{57257D38-D0E7-48CD-9677-7F37D2DA70CB}.Release|Win32.ActiveCfg = Release|Win32
		{57257D38-D0E7-48CD-9677-7F37D2DA70CB}.Release|Win32.Build.0 = Release|Win32
		{60D620A4-D01C-46D0-A5CA-F8051CC35CA9}.Debug|Win32.ActiveCfg = Debug|Win32
		{60D620A4-D01C-46D0-A5CA-F8051CC35CA9}.Debug|Win32.Build.0 = Debug|Win32
		{60D620A4-D01C-46D0-A5CA-F8051CC35CA9}.Release|Win32.ActiveCfg = Release|Win32
		{60D620A4-D01C-46D0-A5CA-F8051CC35CA9}.Release|Win32.Build.0 = Release|Win32
		{B0DA3B4E-F6F9-4A3A-BBBB-26FAC8114F3C}.Debug|Win32.ActiveCfg = Debug|Win32
		{B0DA3B4E-F6F9-4A3A-BBBB-26FAC8114F3C}.Debug|Win32.Build.0 = Debug|Win32
		{B0DA3B4E-F6F9-4A3A-BBBB-26FAC8114F3C}.Release|Win32.ActiveCfg = Release|Win32
		{B0DA3B4E-F6F9-4A3A-BBBB-26FAC8114F3C}.Release|Win32.Build.0 = Release|Win32
		{3789E6A1-4768-4C32-984D-8D2CFDC023CC}.Debug|Win32.ActiveCfg = Debug|Win32
		{3789E6A1-4768-4C32-984D-8D2CFDC023CC}.Debug|Win32.Build.0 = Debug|Win32
		{3789E6A1-4768-4C32-984D-8D2CFDC023CC}.Release|Win32.ActiveCfg = Release|Win32
		{3789E6A1-4768-4C32-984D-8D2CFDC023CC}.Release|Win32.Build.0 = Release|Win32
		{70819522-8F66-456F-B237-C193A59DFA9A}.Debug|Win32.ActiveCfg = Debug|Win32
		{70819522-8F66-456F-B237-C193A59DFA9A}.Debug|Win32.Build.0 = Debug|Win32
		{70819522-8F66-456F-B237-C193A59DFA9A}.Release|Win32.ActiveCfg = Release|Win32
		{70819522-8F66-456F-B237-C193A59DFA9A}.Release|Win32.Build.0 = Release|Win32
		{6A28C558-2341-411A-B7B5-C1CF3B019B31}.Debug|Win32.ActiveCfg = Debug|Win32
		{6A28C558-2341-411A-B7B5-C1CF3B019B31}.Debug|Win32.Build.0 = Debug|Win32
		{6A28C558-2341-411A-B7B5-C1CF3B019B31}.Release|Win32.ActiveCfg = Release|Win32
		{6A28C558-2341-411A-B7B5-C1CF3B019B31}.Release|Win32.Build.0 = Release|Win32
		{07C2392F-509A-4339-BB13-EA1871AAE23B}.Debug|Win32.ActiveCfg = Debug|Win32
		{07C2392F-509A-4339-BB13-EA1871AAE23B}.Debug|Win32.Build.0 = Debug|Win32
		{07C2392F-509A-4339-BB13-EA1871AAE23B}.Release|Win32.ActiveCfg = Release|Win32
		{07C2392F-509A-4339-BB13-EA1871AAE23B}.Release|Win32.Build.0 = Release|Win32
		{09193C2E-B9E4-434A-8301-7C28647A315A}.Debug|Win32.ActiveCfg = Debug|Win32
		{09193C2E-B9E4-434A-8301-7C28647A315A}.Debug|Win32.Build.0 = Debug|Win32
		{09193C2E-B9E4-434A-8301-7C28647A315A}.Release|Win32.ActiveCfg = Release|Win32
		{09193C2E-B9E4-434A-8301-7C28647A315A}.Release|Win32.Build.0 = Release|Win32
		{80D5C479-B815-49FC-B2AF-ED2083087E00}.Debug|Win32.ActiveCfg = Debug|Win32
		{80D5C479-B815-49FC-B2AF-ED2083087E00}.Debug|Win32.Build.0 = Debug|Win32
		{80D5C479-B815-49FC-B2AF-ED2083087E00}.Release|Win32.ActiveCfg = Release|Win32
		{80D5C479-B815-49FC-B2AF-ED2083087E00}.Release|Win32.Build.0 = Release|Win32
	EndGlobalSection
	GlobalSection(SolutionProperties) = preSolution
		HideSolutionNode = FALSE
	EndGlobalSection
EndGlobal
