
Microsoft Visual Studio Solution File, Format Version 12.00
# Visual Studio 2012
Project("{8BC9CEB8-8B4A-11D0-8D11-00A0C91BC942}") = "选修文件01", "选修文件01\选修文件01.vcxproj", "{9F4772FA-7F15-4043-A323-6ECD1BF57CFD}"
EndProject
Global
	GlobalSection(SolutionConfigurationPlatforms) = preSolution
		Debug|Win32 = Debug|Win32
		Release|Win32 = Release|Win32
	EndGlobalSection
	GlobalSection(ProjectConfigurationPlatforms) = postSolution
		{9F4772FA-7F15-4043-A323-6ECD1BF57CFD}.Debug|Win32.ActiveCfg = Debug|Win32
		{9F4772FA-7F15-4043-A323-6ECD1BF57CFD}.Debug|Win32.Build.0 = Debug|Win32
		{9F4772FA-7F15-4043-A323-6ECD1BF57CFD}.Release|Win32.ActiveCfg = Release|Win32
		{9F4772FA-7F15-4043-A323-6ECD1BF57CFD}.Release|Win32.Build.0 = Release|Win32
	EndGlobalSection
	GlobalSection(SolutionProperties) = preSolution
		HideSolutionNode = FALSE
	EndGlobalSection
EndGlobal
